
Microsoft Visual Studio Solution File, Format Version 12.00
# Visual Studio Version 17
VisualStudioVersion = 17.1.32407.343
MinimumVisualStudioVersion = 10.0.40219.1
Project("{FAE04EC0-301F-11D3-BF4B-00C04F79EFBC}") = "Cards.API", "Cards.API\Cards.API.csproj", "{BCA5FDCF-4024-4A01-8221-9CDE48587150}"
EndProject
Project("{FAE04EC0-301F-11D3-BF4B-00C04F79EFBC}") = "Cards.Domain", "Cards.Domain\Cards.Domain.csproj", "{46ECF8F5-256E-4E95-A44E-7476062A7018}"
EndProject
Project("{FAE04EC0-301F-11D3-BF4B-00C04F79EFBC}") = "Cards.Infrastructure", "Cards.Infrastructure\Cards.Infrastructure.csproj", "{FA90884F-B471-48D1-A762-2B19AEC9FDD2}"
EndProject
Project("{FAE04EC0-301F-11D3-BF4B-00C04F79EFBC}") = "Cards.Application", "Cards.Application\Cards.Application.csproj", "{6F2991BD-7204-434F-AFAD-235245FDEB10}"
EndProject
Global
	GlobalSection(SolutionConfigurationPlatforms) = preSolution
		Debug|Any CPU = Debug|Any CPU
		Release|Any CPU = Release|Any CPU
	EndGlobalSection
	GlobalSection(ProjectConfigurationPlatforms) = postSolution
		{BCA5FDCF-4024-4A01-8221-9CDE48587150}.Debug|Any CPU.ActiveCfg = Debug|Any CPU
		{BCA5FDCF-4024-4A01-8221-9CDE48587150}.Debug|Any CPU.Build.0 = Debug|Any CPU
		{BCA5FDCF-4024-4A01-8221-9CDE48587150}.Release|Any CPU.ActiveCfg = Release|Any CPU
		{BCA5FDCF-4024-4A01-8221-9CDE48587150}.Release|Any CPU.Build.0 = Release|Any CPU
		{46ECF8F5-256E-4E95-A44E-7476062A7018}.Debug|Any CPU.ActiveCfg = Debug|Any CPU
		{46ECF8F5-256E-4E95-A44E-7476062A7018}.Debug|Any CPU.Build.0 = Debug|Any CPU
		{46ECF8F5-256E-4E95-A44E-7476062A7018}.Release|Any CPU.ActiveCfg = Release|Any CPU
		{46ECF8F5-256E-4E95-A44E-7476062A7018}.Release|Any CPU.Build.0 = Release|Any CPU
		{FA90884F-B471-48D1-A762-2B19AEC9FDD2}.Debug|Any CPU.ActiveCfg = Debug|Any CPU
		{FA90884F-B471-48D1-A762-2B19AEC9FDD2}.Debug|Any CPU.Build.0 = Debug|Any CPU
		{FA90884F-B471-48D1-A762-2B19AEC9FDD2}.Release|Any CPU.ActiveCfg = Release|Any CPU
		{FA90884F-B471-48D1-A762-2B19AEC9FDD2}.Release|Any CPU.Build.0 = Release|Any CPU
		{6F2991BD-7204-434F-AFAD-235245FDEB10}.Debug|Any CPU.ActiveCfg = Debug|Any CPU
		{6F2991BD-7204-434F-AFAD-235245FDEB10}.Debug|Any CPU.Build.0 = Debug|Any CPU
		{6F2991BD-7204-434F-AFAD-235245FDEB10}.Release|Any CPU.ActiveCfg = Release|Any CPU
		{6F2991BD-7204-434F-AFAD-235245FDEB10}.Release|Any CPU.Build.0 = Release|Any CPU
	EndGlobalSection
	GlobalSection(SolutionProperties) = preSolution
		HideSolutionNode = FALSE
	EndGlobalSection
	GlobalSection(ExtensibilityGlobals) = postSolution
		SolutionGuid = {380CA848-0C96-4D6A-BD57-F9E10BBF4D62}
	EndGlobalSection
EndGlobal
